
Microsoft Visual Studio Solution File, Format Version 12.00
# Visual Studio 2013
VisualStudioVersion = 12.0.21005.1
MinimumVisualStudioVersion = 10.0.40219.1
Project("{FAE04EC0-301F-11D3-BF4B-00C04F79EFBC}") = "FourOver", "FourOver\FourOver.csproj", "{DCF68C5F-853E-4A15-897A-B33A55B407D8}"
EndProject
Project("{FAE04EC0-301F-11D3-BF4B-00C04F79EFBC}") = "FourOverTest", "FourOverTest\FourOverTest.csproj", "{7A8A3FB7-121B-472A-9635-2803A29ED6A9}"
EndProject
<<<<<<< HEAD
Project("{2150E333-8FDC-42A3-9474-1A3956D46DE8}") = ".nuget", ".nuget", "{BBA54798-B6C4-42AA-BA8F-15624685B90E}"
=======
Project("{2150E333-8FDC-42A3-9474-1A3956D46DE8}") = ".nuget", ".nuget", "{EEB7E069-D9C2-4EC0-9514-FDC779DDB433}"
>>>>>>> develop
	ProjectSection(SolutionItems) = preProject
		.nuget\NuGet.Config = .nuget\NuGet.Config
		.nuget\NuGet.exe = .nuget\NuGet.exe
		.nuget\NuGet.targets = .nuget\NuGet.targets
	EndProjectSection
EndProject
Global
	GlobalSection(SolutionConfigurationPlatforms) = preSolution
		Debug|Any CPU = Debug|Any CPU
		Release|Any CPU = Release|Any CPU
	EndGlobalSection
	GlobalSection(ProjectConfigurationPlatforms) = postSolution
		{DCF68C5F-853E-4A15-897A-B33A55B407D8}.Debug|Any CPU.ActiveCfg = Debug|Any CPU
		{DCF68C5F-853E-4A15-897A-B33A55B407D8}.Debug|Any CPU.Build.0 = Debug|Any CPU
		{DCF68C5F-853E-4A15-897A-B33A55B407D8}.Release|Any CPU.ActiveCfg = Release|Any CPU
		{DCF68C5F-853E-4A15-897A-B33A55B407D8}.Release|Any CPU.Build.0 = Release|Any CPU
		{7A8A3FB7-121B-472A-9635-2803A29ED6A9}.Debug|Any CPU.ActiveCfg = Debug|Any CPU
		{7A8A3FB7-121B-472A-9635-2803A29ED6A9}.Debug|Any CPU.Build.0 = Debug|Any CPU
		{7A8A3FB7-121B-472A-9635-2803A29ED6A9}.Release|Any CPU.ActiveCfg = Release|Any CPU
		{7A8A3FB7-121B-472A-9635-2803A29ED6A9}.Release|Any CPU.Build.0 = Release|Any CPU
	EndGlobalSection
	GlobalSection(SolutionProperties) = preSolution
		HideSolutionNode = FALSE
	EndGlobalSection
EndGlobal
